
Microsoft Visual Studio Solution File, Format Version 12.00
# Visual Studio Version 17
VisualStudioVersion = 17.14.36811.4
MinimumVisualStudioVersion = 10.0.40219.1
Project("{FAE04EC0-301F-11D3-BF4B-00C04F79EFBC}") = "zeferini-person-front-blazor.tests", "zeferini-person-front-blazor.tests\zeferini-person-front-blazor.tests.csproj", "{D5CDAAF1-4F44-451E-B771-B01FE177D8F0}"
EndProject
Project("{FAE04EC0-301F-11D3-BF4B-00C04F79EFBC}") = "first", "app\first.csproj", "{41C565ED-1FD2-86E9-29E7-FDC33BCED302}"
EndProject
Global
	GlobalSection(SolutionConfigurationPlatforms) = preSolution
		Debug|Any CPU = Debug|Any CPU
		Release|Any CPU = Release|Any CPU
	EndGlobalSection
	GlobalSection(ProjectConfigurationPlatforms) = postSolution
		{D5CDAAF1-4F44-451E-B771-B01FE177D8F0}.Debug|Any CPU.ActiveCfg = Debug|Any CPU
		{D5CDAAF1-4F44-451E-B771-B01FE177D8F0}.Debug|Any CPU.Build.0 = Debug|Any CPU
		{D5CDAAF1-4F44-451E-B771-B01FE177D8F0}.Release|Any CPU.ActiveCfg = Release|Any CPU
		{D5CDAAF1-4F44-451E-B771-B01FE177D8F0}.Release|Any CPU.Build.0 = Release|Any CPU
		{41C565ED-1FD2-86E9-29E7-FDC33BCED302}.Debug|Any CPU.ActiveCfg = Debug|Any CPU
		{41C565ED-1FD2-86E9-29E7-FDC33BCED302}.Debug|Any CPU.Build.0 = Debug|Any CPU
		{41C565ED-1FD2-86E9-29E7-FDC33BCED302}.Release|Any CPU.ActiveCfg = Release|Any CPU
		{41C565ED-1FD2-86E9-29E7-FDC33BCED302}.Release|Any CPU.Build.0 = Release|Any CPU
	EndGlobalSection
	GlobalSection(SolutionProperties) = preSolution
		HideSolutionNode = FALSE
	EndGlobalSection
	GlobalSection(ExtensibilityGlobals) = postSolution
		SolutionGuid = {DC36E76D-DE30-498C-9FE8-820906837C0F}
	EndGlobalSection
EndGlobal
